
Microsoft Visual Studio Solution File, Format Version 12.00
# Visual Studio 15
VisualStudioVersion = 15.0.26430.14
MinimumVisualStudioVersion = 10.0.40219.1
Project("{9092AA53-FB77-4645-B42D-1CCCA6BD08BD}") = "deej4us.Web", "deej4us.Web\deej4us.Web.njsproj", "{E65144A8-491C-4B86-8919-8BFB9F58EE53}"
EndProject
Global
	GlobalSection(SolutionConfigurationPlatforms) = preSolution
		Debug|Any CPU = Debug|Any CPU
		Release|Any CPU = Release|Any CPU
	EndGlobalSection
	GlobalSection(ProjectConfigurationPlatforms) = postSolution
		{E65144A8-491C-4B86-8919-8BFB9F58EE53}.Debug|Any CPU.ActiveCfg = Debug|Any CPU
		{E65144A8-491C-4B86-8919-8BFB9F58EE53}.Debug|Any CPU.Build.0 = Debug|Any CPU
		{E65144A8-491C-4B86-8919-8BFB9F58EE53}.Release|Any CPU.ActiveCfg = Release|Any CPU
		{E65144A8-491C-4B86-8919-8BFB9F58EE53}.Release|Any CPU.Build.0 = Release|Any CPU
	EndGlobalSection
	GlobalSection(SolutionProperties) = preSolution
		HideSolutionNode = FALSE
	EndGlobalSection
EndGlobal
